
Microsoft Visual Studio Solution File, Format Version 12.00
# Visual Studio Version 17
VisualStudioVersion = 17.11.35222.181
MinimumVisualStudioVersion = 10.0.40219.1
Project("{FAE04EC0-301F-11D3-BF4B-00C04F79EFBC}") = "AutoUpdateInstalller", "AutoUpdateInstalller.csproj", "{49765543-0AC6-479C-B1FE-2B8F1A0C1AA3}"
EndProject
Global
	GlobalSection(SolutionConfigurationPlatforms) = preSolution
		Debug|Any CPU = Debug|Any CPU
		Release|Any CPU = Release|Any CPU
	EndGlobalSection
	GlobalSection(ProjectConfigurationPlatforms) = postSolution
		{49765543-0AC6-479C-B1FE-2B8F1A0C1AA3}.Debug|Any CPU.ActiveCfg = Debug|Any CPU
		{49765543-0AC6-479C-B1FE-2B8F1A0C1AA3}.Debug|Any CPU.Build.0 = Debug|Any CPU
		{49765543-0AC6-479C-B1FE-2B8F1A0C1AA3}.Release|Any CPU.ActiveCfg = Release|Any CPU
		{49765543-0AC6-479C-B1FE-2B8F1A0C1AA3}.Release|Any CPU.Build.0 = Release|Any CPU
	EndGlobalSection
	GlobalSection(SolutionProperties) = preSolution
		HideSolutionNode = FALSE
	EndGlobalSection
	GlobalSection(ExtensibilityGlobals) = postSolution
		SolutionGuid = {44BE2C8D-DE40-4B9B-9BA2-458A4C6E14A7}
	EndGlobalSection
EndGlobal
